
Microsoft Visual Studio Solution File, Format Version 12.00
# Visual Studio 15
VisualStudioVersion = 15.0.26730.16
MinimumVisualStudioVersion = 10.0.40219.1
Project("{FAE04EC0-301F-11D3-BF4B-00C04F79EFBC}") = "Loaner", "Loaner\Loaner.csproj", "{7038C065-31C1-4915-B631-5F47EE39FD68}"
EndProject
Project("{FAE04EC0-301F-11D3-BF4B-00C04F79EFBC}") = "GetCreditScore", "GetCreditScore\GetCreditScore.csproj", "{295B4165-F574-4C21-A398-FC4897B81ABD}"
EndProject
Project("{FAE04EC0-301F-11D3-BF4B-00C04F79EFBC}") = "GetBanks", "GetBanks\GetBanks.csproj", "{5FBC5B7E-E627-4604-ACF6-14711DF1D25B}"
EndProject
Project("{FAE04EC0-301F-11D3-BF4B-00C04F79EFBC}") = "RecipientList-Router", "RecipientList-Router\RecipientList-Router.csproj", "{4C1817FF-71A1-4D90-A6A7-E21D34B6DF4F}"
EndProject
Project("{FAE04EC0-301F-11D3-BF4B-00C04F79EFBC}") = "XMLTranslator", "XMLTranslator\XMLTranslator.csproj", "{E5A92182-7FE7-4800-A45D-58C6875018ED}"
EndProject
Project("{FAE04EC0-301F-11D3-BF4B-00C04F79EFBC}") = "JSONTranslator", "JSONTranslator\JSONTranslator.csproj", "{2939F4D7-1716-4EB7-8A4B-860300AF4612}"
EndProject
Project("{FAE04EC0-301F-11D3-BF4B-00C04F79EFBC}") = "Normalizer", "Normalizer\Normalizer.csproj", "{29B7C84E-6652-463C-8278-A137B47B1298}"
EndProject
Project("{FAE04EC0-301F-11D3-BF4B-00C04F79EFBC}") = "Aggregator", "Aggregator\Aggregator.csproj", "{838BFDD1-45F2-4C37-AFE9-CB42EC53C0E0}"
EndProject
Project("{FAE04EC0-301F-11D3-BF4B-00C04F79EFBC}") = "Loaner_Library", "Loaner_Library\Loaner_Library.csproj", "{2F69DE94-3BA7-4D30-B8BF-B68A9172F0DA}"
EndProject
Project("{FAE04EC0-301F-11D3-BF4B-00C04F79EFBC}") = "Determiner", "Determiner\Determiner.csproj", "{F5B98F46-40AD-4C84-89B9-1CBA928099CA}"
EndProject
Global
	GlobalSection(SolutionConfigurationPlatforms) = preSolution
		Debug|Any CPU = Debug|Any CPU
		Release|Any CPU = Release|Any CPU
	EndGlobalSection
	GlobalSection(ProjectConfigurationPlatforms) = postSolution
		{7038C065-31C1-4915-B631-5F47EE39FD68}.Debug|Any CPU.ActiveCfg = Debug|Any CPU
		{7038C065-31C1-4915-B631-5F47EE39FD68}.Debug|Any CPU.Build.0 = Debug|Any CPU
		{7038C065-31C1-4915-B631-5F47EE39FD68}.Release|Any CPU.ActiveCfg = Release|Any CPU
		{7038C065-31C1-4915-B631-5F47EE39FD68}.Release|Any CPU.Build.0 = Release|Any CPU
		{295B4165-F574-4C21-A398-FC4897B81ABD}.Debug|Any CPU.ActiveCfg = Debug|Any CPU
		{295B4165-F574-4C21-A398-FC4897B81ABD}.Debug|Any CPU.Build.0 = Debug|Any CPU
		{295B4165-F574-4C21-A398-FC4897B81ABD}.Release|Any CPU.ActiveCfg = Release|Any CPU
		{295B4165-F574-4C21-A398-FC4897B81ABD}.Release|Any CPU.Build.0 = Release|Any CPU
		{5FBC5B7E-E627-4604-ACF6-14711DF1D25B}.Debug|Any CPU.ActiveCfg = Debug|Any CPU
		{5FBC5B7E-E627-4604-ACF6-14711DF1D25B}.Debug|Any CPU.Build.0 = Debug|Any CPU
		{5FBC5B7E-E627-4604-ACF6-14711DF1D25B}.Release|Any CPU.ActiveCfg = Release|Any CPU
		{5FBC5B7E-E627-4604-ACF6-14711DF1D25B}.Release|Any CPU.Build.0 = Release|Any CPU
		{4C1817FF-71A1-4D90-A6A7-E21D34B6DF4F}.Debug|Any CPU.ActiveCfg = Debug|Any CPU
		{4C1817FF-71A1-4D90-A6A7-E21D34B6DF4F}.Debug|Any CPU.Build.0 = Debug|Any CPU
		{4C1817FF-71A1-4D90-A6A7-E21D34B6DF4F}.Release|Any CPU.ActiveCfg = Release|Any CPU
		{4C1817FF-71A1-4D90-A6A7-E21D34B6DF4F}.Release|Any CPU.Build.0 = Release|Any CPU
		{E5A92182-7FE7-4800-A45D-58C6875018ED}.Debug|Any CPU.ActiveCfg = Debug|Any CPU
		{E5A92182-7FE7-4800-A45D-58C6875018ED}.Debug|Any CPU.Build.0 = Debug|Any CPU
		{E5A92182-7FE7-4800-A45D-58C6875018ED}.Release|Any CPU.ActiveCfg = Release|Any CPU
		{E5A92182-7FE7-4800-A45D-58C6875018ED}.Release|Any CPU.Build.0 = Release|Any CPU
		{2939F4D7-1716-4EB7-8A4B-860300AF4612}.Debug|Any CPU.ActiveCfg = Debug|Any CPU
		{2939F4D7-1716-4EB7-8A4B-860300AF4612}.Debug|Any CPU.Build.0 = Debug|Any CPU
		{2939F4D7-1716-4EB7-8A4B-860300AF4612}.Release|Any CPU.ActiveCfg = Release|Any CPU
		{2939F4D7-1716-4EB7-8A4B-860300AF4612}.Release|Any CPU.Build.0 = Release|Any CPU
		{29B7C84E-6652-463C-8278-A137B47B1298}.Debug|Any CPU.ActiveCfg = Debug|Any CPU
		{29B7C84E-6652-463C-8278-A137B47B1298}.Debug|Any CPU.Build.0 = Debug|Any CPU
		{29B7C84E-6652-463C-8278-A137B47B1298}.Release|Any CPU.ActiveCfg = Release|Any CPU
		{29B7C84E-6652-463C-8278-A137B47B1298}.Release|Any CPU.Build.0 = Release|Any CPU
		{838BFDD1-45F2-4C37-AFE9-CB42EC53C0E0}.Debug|Any CPU.ActiveCfg = Debug|Any CPU
		{838BFDD1-45F2-4C37-AFE9-CB42EC53C0E0}.Debug|Any CPU.Build.0 = Debug|Any CPU
		{838BFDD1-45F2-4C37-AFE9-CB42EC53C0E0}.Release|Any CPU.ActiveCfg = Release|Any CPU
		{838BFDD1-45F2-4C37-AFE9-CB42EC53C0E0}.Release|Any CPU.Build.0 = Release|Any CPU
		{2F69DE94-3BA7-4D30-B8BF-B68A9172F0DA}.Debug|Any CPU.ActiveCfg = Debug|Any CPU
		{2F69DE94-3BA7-4D30-B8BF-B68A9172F0DA}.Debug|Any CPU.Build.0 = Debug|Any CPU
		{2F69DE94-3BA7-4D30-B8BF-B68A9172F0DA}.Release|Any CPU.ActiveCfg = Release|Any CPU
		{2F69DE94-3BA7-4D30-B8BF-B68A9172F0DA}.Release|Any CPU.Build.0 = Release|Any CPU
		{F5B98F46-40AD-4C84-89B9-1CBA928099CA}.Debug|Any CPU.ActiveCfg = Debug|Any CPU
		{F5B98F46-40AD-4C84-89B9-1CBA928099CA}.Debug|Any CPU.Build.0 = Debug|Any CPU
		{F5B98F46-40AD-4C84-89B9-1CBA928099CA}.Release|Any CPU.ActiveCfg = Release|Any CPU
		{F5B98F46-40AD-4C84-89B9-1CBA928099CA}.Release|Any CPU.Build.0 = Release|Any CPU
	EndGlobalSection
	GlobalSection(SolutionProperties) = preSolution
		HideSolutionNode = FALSE
	EndGlobalSection
	GlobalSection(ExtensibilityGlobals) = postSolution
		SolutionGuid = {F56DBCC0-E1E2-44AE-A0F5-ADDFD1E8166C}
	EndGlobalSection
EndGlobal
